
Microsoft Visual Studio Solution File, Format Version 12.00
# Visual Studio Version 16
VisualStudioVersion = 16.0.29920.165
MinimumVisualStudioVersion = 10.0.40219.1
Project("{FAE04EC0-301F-11D3-BF4B-00C04F79EFBC}") = "SeriLogDemo", "SeriLogDemo\SeriLogDemo.csproj", "{C57F4BD9-3F43-44C2-8499-03CA10F53C7A}"
EndProject
Global
	GlobalSection(SolutionConfigurationPlatforms) = preSolution
		Debug|Any CPU = Debug|Any CPU
		Release|Any CPU = Release|Any CPU
	EndGlobalSection
	GlobalSection(ProjectConfigurationPlatforms) = postSolution
		{C57F4BD9-3F43-44C2-8499-03CA10F53C7A}.Debug|Any CPU.ActiveCfg = Debug|Any CPU
		{C57F4BD9-3F43-44C2-8499-03CA10F53C7A}.Debug|Any CPU.Build.0 = Debug|Any CPU
		{C57F4BD9-3F43-44C2-8499-03CA10F53C7A}.Release|Any CPU.ActiveCfg = Release|Any CPU
		{C57F4BD9-3F43-44C2-8499-03CA10F53C7A}.Release|Any CPU.Build.0 = Release|Any CPU
	EndGlobalSection
	GlobalSection(SolutionProperties) = preSolution
		HideSolutionNode = FALSE
	EndGlobalSection
	GlobalSection(ExtensibilityGlobals) = postSolution
		SolutionGuid = {B89DA49E-4501-4862-A5E1-27A7AD9EFAF9}
	EndGlobalSection
EndGlobal
